# THIS IS AN AUTOGENERATED FILE. DO NOT EDIT THIS FILE DIRECTLY.
# yarn lockfile v1


typescript@^3.2.2:
  version "3.2.2"
  resolved "https://registry.yarnpkg.com/typescript/-/typescript-3.2.2.tgz#fe8101c46aa123f8353523ebdcf5730c2ae493e5"
  integrity sha512-VCj5UiSyHBjwfYacmDuc/NOk4QQixbE+Wn7MFJuS0nRuPQbof132Pw4u53dm264O8LPc2MVsc7RJNml5szurkg==

xterm@^3.10.0:
  version "3.10.0"
  resolved "https://registry.yarnpkg.com/xterm/-/xterm-3.10.0.tgz#2c3108d886b9cb4e2d7d4f1a05ce5be6758552de"
  integrity sha512-ZA55MObCk8xKHG0TjZpStCJn6oIkPkW24ZtagZpUdol9kHYJ36imPsesZdVXsyxQd1le4RPpSpDU9O/rqq/yCA==
